
Microsoft Visual Studio Solution File, Format Version 12.00
# Visual Studio Version 16
VisualStudioVersion = 16.0.31321.278
MinimumVisualStudioVersion = 10.0.40219.1
Project("{FAE04EC0-301F-11D3-BF4B-00C04F79EFBC}") = "PriceQuoteTipCalc", "PriceQuoteTipCalc\PriceQuoteTipCalc.csproj", "{F30544DD-8D78-4919-B8DA-2F35412C4E1C}"
EndProject
Global
	GlobalSection(SolutionConfigurationPlatforms) = preSolution
		Debug|Any CPU = Debug|Any CPU
		Release|Any CPU = Release|Any CPU
	EndGlobalSection
	GlobalSection(ProjectConfigurationPlatforms) = postSolution
		{F30544DD-8D78-4919-B8DA-2F35412C4E1C}.Debug|Any CPU.ActiveCfg = Debug|Any CPU
		{F30544DD-8D78-4919-B8DA-2F35412C4E1C}.Debug|Any CPU.Build.0 = Debug|Any CPU
		{F30544DD-8D78-4919-B8DA-2F35412C4E1C}.Release|Any CPU.ActiveCfg = Release|Any CPU
		{F30544DD-8D78-4919-B8DA-2F35412C4E1C}.Release|Any CPU.Build.0 = Release|Any CPU
	EndGlobalSection
	GlobalSection(SolutionProperties) = preSolution
		HideSolutionNode = FALSE
	EndGlobalSection
	GlobalSection(ExtensibilityGlobals) = postSolution
		SolutionGuid = {A51BAFAA-E26D-48A6-9A06-218C1BB5A026}
	EndGlobalSection
EndGlobal
